
Microsoft Visual Studio Solution File, Format Version 12.00
# Visual Studio Version 17
VisualStudioVersion = 17.1.32407.343
MinimumVisualStudioVersion = 10.0.40219.1
Project("{FAE04EC0-301F-11D3-BF4B-00C04F79EFBC}") = "Taxually.TechnicalTest", "Taxually.TechnicalTest\Taxually.TechnicalTest.csproj", "{A119A885-BCD4-473B-861A-480AA3C87EB6}"
EndProject
Project("{2150E333-8FDC-42A3-9474-1A3956D46DE8}") = "src", "src", "{7FF7176A-E19C-4896-ADEA-1B23B0C1CA0F}"
EndProject
Project("{2150E333-8FDC-42A3-9474-1A3956D46DE8}") = "tests", "tests", "{CAA6DE29-9707-4E49-8E6B-729FC64317B5}"
EndProject
Project("{FAE04EC0-301F-11D3-BF4B-00C04F79EFBC}") = "Taxually.Core", "Taxually.Core\Taxually.Core.csproj", "{FCD688B8-5D3D-44C0-A2B6-8CA7BDF0A2F3}"
EndProject
Project("{FAE04EC0-301F-11D3-BF4B-00C04F79EFBC}") = "Taxually.Core.Models", "Taxually.Core.Models\Taxually.Core.Models.csproj", "{13CD6A38-172E-46F7-9D08-C5BE4645978F}"
EndProject
Project("{FAE04EC0-301F-11D3-BF4B-00C04F79EFBC}") = "Taxually.Ports.Inbound", "Taxually.Ports.Inbound\Taxually.Ports.Inbound.csproj", "{58936A54-5061-4367-A9C4-B3436098D2E0}"
EndProject
Project("{FAE04EC0-301F-11D3-BF4B-00C04F79EFBC}") = "Taxually.Ports.Outbound", "Taxually.Ports.Outbound\Taxually.Ports.Outbound.csproj", "{FD5D8D27-3E35-4902-8AD7-42F5D0D4E6AE}"
EndProject
Project("{FAE04EC0-301F-11D3-BF4B-00C04F79EFBC}") = "Taxually.Adapters.Http", "Taxually.Adapters.Http\Taxually.Adapters.Http.csproj", "{4375CFFE-DD40-45A2-9F18-340C5C47B8DF}"
EndProject
Project("{FAE04EC0-301F-11D3-BF4B-00C04F79EFBC}") = "Taxually.Adapters.Queue", "Taxually.Adapters.Queue\Taxually.Adapters.Queue.csproj", "{479277E4-CD9F-4C70-A54E-33C896045A47}"
EndProject
Project("{FAE04EC0-301F-11D3-BF4B-00C04F79EFBC}") = "Taxually.UnitTests", "Taxually.UnitTests\Taxually.UnitTests.csproj", "{A0F350BC-0F5A-4811-B430-8ED446F45F0C}"
EndProject
Project("{FAE04EC0-301F-11D3-BF4B-00C04F79EFBC}") = "Taxually.IntegrationTests", "Taxually.IntegrationTests\Taxually.IntegrationTests.csproj", "{BC084B67-A371-46B0-BEFE-9B18501A0FAF}"
EndProject
Global
	GlobalSection(SolutionConfigurationPlatforms) = preSolution
		Debug|Any CPU = Debug|Any CPU
		Release|Any CPU = Release|Any CPU
	EndGlobalSection
	GlobalSection(ProjectConfigurationPlatforms) = postSolution
		{A119A885-BCD4-473B-861A-480AA3C87EB6}.Debug|Any CPU.ActiveCfg = Debug|Any CPU
		{A119A885-BCD4-473B-861A-480AA3C87EB6}.Debug|Any CPU.Build.0 = Debug|Any CPU
		{A119A885-BCD4-473B-861A-480AA3C87EB6}.Release|Any CPU.ActiveCfg = Release|Any CPU
		{A119A885-BCD4-473B-861A-480AA3C87EB6}.Release|Any CPU.Build.0 = Release|Any CPU
		{FCD688B8-5D3D-44C0-A2B6-8CA7BDF0A2F3}.Debug|Any CPU.ActiveCfg = Debug|Any CPU
		{FCD688B8-5D3D-44C0-A2B6-8CA7BDF0A2F3}.Debug|Any CPU.Build.0 = Debug|Any CPU
		{FCD688B8-5D3D-44C0-A2B6-8CA7BDF0A2F3}.Release|Any CPU.ActiveCfg = Release|Any CPU
		{FCD688B8-5D3D-44C0-A2B6-8CA7BDF0A2F3}.Release|Any CPU.Build.0 = Release|Any CPU
		{13CD6A38-172E-46F7-9D08-C5BE4645978F}.Debug|Any CPU.ActiveCfg = Debug|Any CPU
		{13CD6A38-172E-46F7-9D08-C5BE4645978F}.Debug|Any CPU.Build.0 = Debug|Any CPU
		{13CD6A38-172E-46F7-9D08-C5BE4645978F}.Release|Any CPU.ActiveCfg = Release|Any CPU
		{13CD6A38-172E-46F7-9D08-C5BE4645978F}.Release|Any CPU.Build.0 = Release|Any CPU
		{58936A54-5061-4367-A9C4-B3436098D2E0}.Debug|Any CPU.ActiveCfg = Debug|Any CPU
		{58936A54-5061-4367-A9C4-B3436098D2E0}.Debug|Any CPU.Build.0 = Debug|Any CPU
		{58936A54-5061-4367-A9C4-B3436098D2E0}.Release|Any CPU.ActiveCfg = Release|Any CPU
		{58936A54-5061-4367-A9C4-B3436098D2E0}.Release|Any CPU.Build.0 = Release|Any CPU
		{FD5D8D27-3E35-4902-8AD7-42F5D0D4E6AE}.Debug|Any CPU.ActiveCfg = Debug|Any CPU
		{FD5D8D27-3E35-4902-8AD7-42F5D0D4E6AE}.Debug|Any CPU.Build.0 = Debug|Any CPU
		{FD5D8D27-3E35-4902-8AD7-42F5D0D4E6AE}.Release|Any CPU.ActiveCfg = Release|Any CPU
		{FD5D8D27-3E35-4902-8AD7-42F5D0D4E6AE}.Release|Any CPU.Build.0 = Release|Any CPU
		{4375CFFE-DD40-45A2-9F18-340C5C47B8DF}.Debug|Any CPU.ActiveCfg = Debug|Any CPU
		{4375CFFE-DD40-45A2-9F18-340C5C47B8DF}.Debug|Any CPU.Build.0 = Debug|Any CPU
		{4375CFFE-DD40-45A2-9F18-340C5C47B8DF}.Release|Any CPU.ActiveCfg = Release|Any CPU
		{4375CFFE-DD40-45A2-9F18-340C5C47B8DF}.Release|Any CPU.Build.0 = Release|Any CPU
		{479277E4-CD9F-4C70-A54E-33C896045A47}.Debug|Any CPU.ActiveCfg = Debug|Any CPU
		{479277E4-CD9F-4C70-A54E-33C896045A47}.Debug|Any CPU.Build.0 = Debug|Any CPU
		{479277E4-CD9F-4C70-A54E-33C896045A47}.Release|Any CPU.ActiveCfg = Release|Any CPU
		{479277E4-CD9F-4C70-A54E-33C896045A47}.Release|Any CPU.Build.0 = Release|Any CPU
		{A0F350BC-0F5A-4811-B430-8ED446F45F0C}.Debug|Any CPU.ActiveCfg = Debug|Any CPU
		{A0F350BC-0F5A-4811-B430-8ED446F45F0C}.Debug|Any CPU.Build.0 = Debug|Any CPU
		{A0F350BC-0F5A-4811-B430-8ED446F45F0C}.Release|Any CPU.ActiveCfg = Release|Any CPU
		{A0F350BC-0F5A-4811-B430-8ED446F45F0C}.Release|Any CPU.Build.0 = Release|Any CPU
		{BC084B67-A371-46B0-BEFE-9B18501A0FAF}.Debug|Any CPU.ActiveCfg = Debug|Any CPU
		{BC084B67-A371-46B0-BEFE-9B18501A0FAF}.Debug|Any CPU.Build.0 = Debug|Any CPU
		{BC084B67-A371-46B0-BEFE-9B18501A0FAF}.Release|Any CPU.ActiveCfg = Release|Any CPU
		{BC084B67-A371-46B0-BEFE-9B18501A0FAF}.Release|Any CPU.Build.0 = Release|Any CPU
	EndGlobalSection
	GlobalSection(SolutionProperties) = preSolution
		HideSolutionNode = FALSE
	EndGlobalSection
	GlobalSection(ExtensibilityGlobals) = postSolution
		SolutionGuid = {4911BEBF-5EE3-4872-9EE7-772C7BEBF303}
	EndGlobalSection
	GlobalSection(NestedProjects) = preSolution
		{A119A885-BCD4-473B-861A-480AA3C87EB6} = {7FF7176A-E19C-4896-ADEA-1B23B0C1CA0F}
		{FCD688B8-5D3D-44C0-A2B6-8CA7BDF0A2F3} = {7FF7176A-E19C-4896-ADEA-1B23B0C1CA0F}
		{13CD6A38-172E-46F7-9D08-C5BE4645978F} = {7FF7176A-E19C-4896-ADEA-1B23B0C1CA0F}
		{58936A54-5061-4367-A9C4-B3436098D2E0} = {7FF7176A-E19C-4896-ADEA-1B23B0C1CA0F}
		{FD5D8D27-3E35-4902-8AD7-42F5D0D4E6AE} = {7FF7176A-E19C-4896-ADEA-1B23B0C1CA0F}
		{4375CFFE-DD40-45A2-9F18-340C5C47B8DF} = {7FF7176A-E19C-4896-ADEA-1B23B0C1CA0F}
		{479277E4-CD9F-4C70-A54E-33C896045A47} = {7FF7176A-E19C-4896-ADEA-1B23B0C1CA0F}
		{A0F350BC-0F5A-4811-B430-8ED446F45F0C} = {CAA6DE29-9707-4E49-8E6B-729FC64317B5}
		{BC084B67-A371-46B0-BEFE-9B18501A0FAF} = {CAA6DE29-9707-4E49-8E6B-729FC64317B5}
	EndGlobalSection
EndGlobal
